// !$*UTF8*$!
{
	archiveVersion = 1;
	classes = {
	};
	objectVersion = 46;
	objects = {

/* Begin PBXBuildFile section */
		253663181C5B54FC009B470F /* main.m in Sources */ = {isa = PBXBuildFile; fileRef = 253663171C5B54FC009B470F /* main.m */; };
		2536631B1C5B54FC009B470F /* AppDelegate.m in Sources */ = {isa = PBXBuildFile; fileRef = 2536631A1C5B54FC009B470F /* AppDelegate.m */; };
		2536631E1C5B54FC009B470F /* ViewController.m in Sources */ = {isa = PBXBuildFile; fileRef = 2536631D1C5B54FC009B470F /* ViewController.m */; };
		253663211C5B54FC009B470F /* Main.storyboard in Resources */ = {isa = PBXBuildFile; fileRef = 2536631F1C5B54FC009B470F /* Main.storyboard */; };
		253663231C5B54FC009B470F /* Assets.xcassets in Resources */ = {isa = PBXBuildFile; fileRef = 253663221C5B54FC009B470F /* Assets.xcassets */; };
		253663261C5B54FC009B470F /* LaunchScreen.storyboard in Resources */ = {isa = PBXBuildFile; fileRef = 253663241C5B54FC009B470F /* LaunchScreen.storyboard */; };
		253663301C5B5CD3009B470F /* SCURLManager.m in Sources */ = {isa = PBXBuildFile; fileRef = 2536632F1C5B5CD3009B470F /* SCURLManager.m */; };
		253663331C5B5D64009B470F /* SCURLHandlerBase.m in Sources */ = {isa = PBXBuildFile; fileRef = 253663321C5B5D64009B470F /* SCURLHandlerBase.m */; };
		253663361C5B5D73009B470F /* SCWebViewController.m in Sources */ = {isa = PBXBuildFile; fileRef = 253663351C5B5D73009B470F /* SCWebViewController.m */; };
		25F094611C623DB900942728 /* SCURLOpenHandler.m in Sources */ = {isa = PBXBuildFile; fileRef = 25F094601C623DB900942728 /* SCURLOpenHandler.m */; };
/* End PBXBuildFile section */

/* Begin PBXFileReference section */
		253663131C5B54FC009B470F /* SCURLManager.app */ = {isa = PBXFileReference; explicitFileType = wrapper.application; includeInIndex = 0; path = SCURLManager.app; sourceTree = BUILT_PRODUCTS_DIR; };
		253663171C5B54FC009B470F /* main.m */ = {isa = PBXFileReference; lastKnownFileType = sourcecode.c.objc; path = main.m; sourceTree = "<group>"; };
		253663191C5B54FC009B470F /* AppDelegate.h */ = {isa = PBXFileReference; lastKnownFileType = sourcecode.c.h; path = AppDelegate.h; sourceTree = "<group>"; };
		2536631A1C5B54FC009B470F /* AppDelegate.m */ = {isa = PBXFileReference; lastKnownFileType = sourcecode.c.objc; path = AppDelegate.m; sourceTree = "<group>"; };
		2536631C1C5B54FC009B470F /* ViewController.h */ = {isa = PBXFileReference; lastKnownFileType = sourcecode.c.h; path = ViewController.h; sourceTree = "<group>"; };
		2536631D1C5B54FC009B470F /* ViewController.m */ = {isa = PBXFileReference; lastKnownFileType = sourcecode.c.objc; path = ViewController.m; sourceTree = "<group>"; };
		253663201C5B54FC009B470F /* Base */ = {isa = PBXFileReference; lastKnownFileType = file.storyboard; name = Base; path = Base.lproj/Main.storyboard; sourceTree = "<group>"; };
		253663221C5B54FC009B470F /* Assets.xcassets */ = {isa = PBXFileReference; lastKnownFileType = folder.assetcatalog; path = Assets.xcassets; sourceTree = "<group>"; };
		253663251C5B54FC009B470F /* Base */ = {isa = PBXFileReference; lastKnownFileType = file.storyboard; name = Base; path = Base.lproj/LaunchScreen.storyboard; sourceTree = "<group>"; };
		253663271C5B54FC009B470F /* Info.plist */ = {isa = PBXFileReference; lastKnownFileType = text.plist.xml; path = Info.plist; sourceTree = "<group>"; };
		2536632E1C5B5CD3009B470F /* SCURLManager.h */ = {isa = PBXFileReference; fileEncoding = 4; lastKnownFileType = sourcecode.c.h; path = SCURLManager.h; sourceTree = "<group>"; };
		2536632F1C5B5CD3009B470F /* SCURLManager.m */ = {isa = PBXFileReference; fileEncoding = 4; lastKnownFileType = sourcecode.c.objc; path = SCURLManager.m; sourceTree = "<group>"; };
		253663311C5B5D64009B470F /* SCURLHandlerBase.h */ = {isa = PBXFileReference; fileEncoding = 4; lastKnownFileType = sourcecode.c.h; path = SCURLHandlerBase.h; sourceTree = "<group>"; };
		253663321C5B5D64009B470F /* SCURLHandlerBase.m */ = {isa = PBXFileReference; fileEncoding = 4; lastKnownFileType = sourcecode.c.objc; path = SCURLHandlerBase.m; sourceTree = "<group>"; };
		253663341C5B5D73009B470F /* SCWebViewController.h */ = {isa = PBXFileReference; fileEncoding = 4; lastKnownFileType = sourcecode.c.h; path = SCWebViewController.h; sourceTree = "<group>"; };
		253663351C5B5D73009B470F /* SCWebViewController.m */ = {isa = PBXFileReference; fileEncoding = 4; lastKnownFileType = sourcecode.c.objc; path = SCWebViewController.m; sourceTree = "<group>"; };
		25F0945F1C623DB900942728 /* SCURLOpenHandler.h */ = {isa = PBXFileReference; fileEncoding = 4; lastKnownFileType = sourcecode.c.h; path = SCURLOpenHandler.h; sourceTree = "<group>"; };
		25F094601C623DB900942728 /* SCURLOpenHandler.m */ = {isa = PBXFileReference; fileEncoding = 4; lastKnownFileType = sourcecode.c.objc; path = SCURLOpenHandler.m; sourceTree = "<group>"; };
/* End PBXFileReference section */

/* Begin PBXFrameworksBuildPhase section */
		253663101C5B54FC009B470F /* Frameworks */ = {
			isa = PBXFrameworksBuildPhase;
			buildActionMask = 2147483647;
			files = (
			);
			runOnlyForDeploymentPostprocessing = 0;
		};
/* End PBXFrameworksBuildPhase section */

/* Begin PBXGroup section */
		2536630A1C5B54FC009B470F = {
			isa = PBXGroup;
			children = (
				253663151C5B54FC009B470F /* SCURLManager */,
				253663141C5B54FC009B470F /* Products */,
			);
			sourceTree = "<group>";
		};
		253663141C5B54FC009B470F /* Products */ = {
			isa = PBXGroup;
			children = (
				253663131C5B54FC009B470F /* SCURLManager.app */,
			);
			name = Products;
			sourceTree = "<group>";
		};
		253663151C5B54FC009B470F /* SCURLManager */ = {
			isa = PBXGroup;
			children = (
				2536632D1C5B5AFE009B470F /* SCURLManager */,
				253663191C5B54FC009B470F /* AppDelegate.h */,
				2536631A1C5B54FC009B470F /* AppDelegate.m */,
				2536631C1C5B54FC009B470F /* ViewController.h */,
				2536631D1C5B54FC009B470F /* ViewController.m */,
				2536631F1C5B54FC009B470F /* Main.storyboard */,
				253663221C5B54FC009B470F /* Assets.xcassets */,
				253663241C5B54FC009B470F /* LaunchScreen.storyboard */,
				253663271C5B54FC009B470F /* Info.plist */,
				253663161C5B54FC009B470F /* Supporting Files */,
			);
			path = SCURLManager;
			sourceTree = "<group>";
		};
		253663161C5B54FC009B470F /* Supporting Files */ = {
			isa = PBXGroup;
			children = (
				253663171C5B54FC009B470F /* main.m */,
			);
			name = "Supporting Files";
			sourceTree = "<group>";
		};
		2536632D1C5B5AFE009B470F /* SCURLManager */ = {
			isa = PBXGroup;
			children = (
				2536632E1C5B5CD3009B470F /* SCURLManager.h */,
				2536632F1C5B5CD3009B470F /* SCURLManager.m */,
				253663311C5B5D64009B470F /* SCURLHandlerBase.h */,
				253663321C5B5D64009B470F /* SCURLHandlerBase.m */,
				253663341C5B5D73009B470F /* SCWebViewController.h */,
				253663351C5B5D73009B470F /* SCWebViewController.m */,
				25F0945F1C623DB900942728 /* SCURLOpenHandler.h */,
				25F094601C623DB900942728 /* SCURLOpenHandler.m */,
			);
			path = SCURLManager;
			sourceTree = "<group>";
		};
/* End PBXGroup section */

/* Begin PBXNativeTarget section */
		253663121C5B54FC009B470F /* SCURLManager */ = {
			isa = PBXNativeTarget;
			buildConfigurationList = 2536632A1C5B54FC009B470F /* Build configuration list for PBXNativeTarget "SCURLManager" */;
			buildPhases = (
				2536630F1C5B54FC009B470F /* Sources */,
				253663101C5B54FC009B470F /* Frameworks */,
				253663111C5B54FC009B470F /* Resources */,
			);
			buildRules = (
			);
			dependencies = (
			);
			name = SCURLManager;
			productName = SCURLManager;
			productReference = 253663131C5B54FC009B470F /* SCURLManager.app */;
			productType = "com.apple.product-type.application";
		};
/* End PBXNativeTarget section */

/* Begin PBXProject section */
		2536630B1C5B54FC009B470F /* Project object */ = {
			isa = PBXProject;
			attributes = {
				LastUpgradeCheck = 0720;
				ORGANIZATIONNAME = sichenwang;
				TargetAttributes = {
					253663121C5B54FC009B470F = {
						CreatedOnToolsVersion = 7.2;
					};
				};
			};
			buildConfigurationList = 2536630E1C5B54FC009B470F /* Build configuration list for PBXProject "SCURLManager" */;
			compatibilityVersion = "Xcode 3.2";
			developmentRegion = English;
			hasScannedForEncodings = 0;
			knownRegions = (
				en,
				Base,
			);
			mainGroup = 2536630A1C5B54FC009B470F;
			productRefGroup = 253663141C5B54FC009B470F /* Products */;
			projectDirPath = "";
			projectRoot = "";
			targets = (
				253663121C5B54FC009B470F /* SCURLManager */,
			);
		};
/* End PBXProject section */

/* Begin PBXResourcesBuildPhase section */
		253663111C5B54FC009B470F /* Resources */ = {
			isa = PBXResourcesBuildPhase;
			buildActionMask = 2147483647;
			files = (
				253663261C5B54FC009B470F /* LaunchScreen.storyboard in Resources */,
				253663231C5B54FC009B470F /* Assets.xcassets in Resources */,
				253663211C5B54FC009B470F /* Main.storyboard in Resources */,
			);
			runOnlyForDeploymentPostprocessing = 0;
		};
/* End PBXResourcesBuildPhase section */

/* Begin PBXSourcesBuildPhase section */
		2536630F1C5B54FC009B470F /* Sources */ = {
			isa = PBXSourcesBuildPhase;
			buildActionMask = 2147483647;
			files = (
				2536631E1C5B54FC009B470F /* ViewController.m in Sources */,
				253663301C5B5CD3009B470F /* SCURLManager.m in Sources */,
				2536631B1C5B54FC009B470F /* AppDelegate.m in Sources */,
				253663361C5B5D73009B470F /* SCWebViewController.m in Sources */,
				253663331C5B5D64009B470F /* SCURLHandlerBase.m in Sources */,
				253663181C5B54FC009B470F /* main.m in Sources */,
				25F094611C623DB900942728 /* SCURLOpenHandler.m in Sources */,
			);
			runOnlyForDeploymentPostprocessing = 0;
		};
/* End PBXSourcesBuildPhase section */

/* Begin PBXVariantGroup section */
		2536631F1C5B54FC009B470F /* Main.storyboard */ = {
			isa = PBXVariantGroup;
			children = (
				253663201C5B54FC009B470F /* Base */,
			);
			name = Main.storyboard;
			sourceTree = "<group>";
		};
		253663241C5B54FC009B470F /* LaunchScreen.storyboard */ = {
			isa = PBXVariantGroup;
			children = (
				253663251C5B54FC009B470F /* Base */,
			);
			name = LaunchScreen.storyboard;
			sourceTree = "<group>";
		};
/* End PBXVariantGroup section */

/* Begin XCBuildConfiguration section */
		253663281C5B54FC009B470F /* Debug */ = {
			isa = XCBuildConfiguration;
			buildSettings = {
				ALWAYS_SEARCH_USER_PATHS = NO;
				CLANG_CXX_LANGUAGE_STANDARD = "gnu++0x";
				CLANG_CXX_LIBRARY = "libc++";
				CLANG_ENABLE_MODULES = YES;
				CLANG_ENABLE_OBJC_ARC = YES;
				CLANG_WARN_BOOL_CONVERSION = YES;
				CLANG_WARN_CONSTANT_CONVERSION = YES;
				CLANG_WARN_DIRECT_OBJC_ISA_USAGE = YES_ERROR;
				CLANG_WARN_EMPTY_BODY = YES;
				CLANG_WARN_ENUM_CONVERSION = YES;
				CLANG_WARN_INT_CONVERSION = YES;
				CLANG_WARN_OBJC_ROOT_CLASS = YES_ERROR;
				CLANG_WARN_UNREACHABLE_CODE = YES;
				CLANG_WARN__DUPLICATE_METHOD_MATCH = YES;
				"CODE_SIGN_IDENTITY[sdk=iphoneos*]" = "iPhone Developer";
				COPY_PHASE_STRIP = NO;
				DEBUG_INFORMATION_FORMAT = dwarf;
				ENABLE_STRICT_OBJC_MSGSEND = YES;
				ENABLE_TESTABILITY = YES;
				GCC_C_LANGUAGE_STANDARD = gnu99;
				GCC_DYNAMIC_NO_PIC = NO;
				GCC_NO_COMMON_BLOCKS = YES;
				GCC_OPTIMIZATION_LEVEL = 0;
				GCC_PREPROCESSOR_DEFINITIONS = (
					"DEBUG=1",
					"$(inherited)",
				);
				GCC_WARN_64_TO_32_BIT_CONVERSION = YES;
				GCC_WARN_ABOUT_RETURN_TYPE = YES_ERROR;
				GCC_WARN_UNDECLARED_SELECTOR = YES;
				GCC_WARN_UNINITIALIZED_AUTOS = YES_AGGRESSIVE;
				GCC_WARN_UNUSED_FUNCTION = YES;
				GCC_WARN_UNUSED_VARIABLE = YES;
				IPHONEOS_DEPLOYMENT_TARGET = 9.2;
				MTL_ENABLE_DEBUG_INFO = YES;
				ONLY_ACTIVE_ARCH = YES;
				SDKROOT = iphoneos;
				TARGETED_DEVICE_FAMILY = "1,2";
			};
			name = Debug;
		};
		253663291C5B54FC009B470F /* Release */ = {
			isa = XCBuildConfiguration;
			buildSettings = {
				ALWAYS_SEARCH_USER_PATHS = NO;
				CLANG_CXX_LANGUAGE_STANDARD = "gnu++0x";
				CLANG_CXX_LIBRARY = "libc++";
				CLANG_ENABLE_MODULES = YES;
				CLANG_ENABLE_OBJC_ARC = YES;
				CLANG_WARN_BOOL_CONVERSION = YES;
				CLANG_WARN_CONSTANT_CONVERSION = YES;
				CLANG_WARN_DIRECT_OBJC_ISA_USAGE = YES_ERROR;
				CLANG_WARN_EMPTY_BODY = YES;
				CLANG_WARN_ENUM_CONVERSION = YES;
				CLANG_WARN_INT_CONVERSION = YES;
				CLANG_WARN_OBJC_ROOT_CLASS = YES_ERROR;
				CLANG_WARN_UNREACHABLE_CODE = YES;
				CLANG_WARN__DUPLICATE_METHOD_MATCH = YES;
				"CODE_SIGN_IDENTITY[sdk=iphoneos*]" = "iPhone Developer";
				COPY_PHASE_STRIP = NO;
				DEBUG_INFORMATION_FORMAT = "dwarf-with-dsym";
				ENABLE_NS_ASSERTIONS = NO;
				ENABLE_STRICT_OBJC_MSGSEND = YES;
				GCC_C_LANGUAGE_STANDARD = gnu99;
				GCC_NO_COMMON_BLOCKS = YES;
				GCC_WARN_64_TO_32_BIT_CONVERSION = YES;
				GCC_WARN_ABOUT_RETURN_TYPE = YES_ERROR;
				GCC_WARN_UNDECLARED_SELECTOR = YES;
				GCC_WARN_UNINITIALIZED_AUTOS = YES_AGGRESSIVE;
				GCC_WARN_UNUSED_FUNCTION = YES;
				GCC_WARN_UNUSED_VARIABLE = YES;
				IPHONEOS_DEPLOYMENT_TARGET = 9.2;
				MTL_ENABLE_DEBUG_INFO = NO;
				SDKROOT = iphoneos;
				TARGETED_DEVICE_FAMILY = "1,2";
				VALIDATE_PRODUCT = YES;
			};
			name = Release;
		};
		2536632B1C5B54FC009B470F /* Debug */ = {
			isa = XCBuildConfiguration;
			buildSettings = {
				ASSETCATALOG_COMPILER_APPICON_NAME = AppIcon;
				INFOPLIST_FILE = SCURLManager/Info.plist;
				LD_RUNPATH_SEARCH_PATHS = "$(inherited) @executable_path/Frameworks";
				PRODUCT_BUNDLE_IDENTIFIER = com.meilishuo.SCURLManager;
				PRODUCT_NAME = "$(TARGET_NAME)";
			};
			name = Debug;
		};
		2536632C1C5B54FC009B470F /* Release */ = {
			isa = XCBuildConfiguration;
			buildSettings = {
				ASSETCATALOG_COMPILER_APPICON_NAME = AppIcon;
				INFOPLIST_FILE = SCURLManager/Info.plist;
				LD_RUNPATH_SEARCH_PATHS = "$(inherited) @executable_path/Frameworks";
				PRODUCT_BUNDLE_IDENTIFIER = com.meilishuo.SCURLManager;
				PRODUCT_NAME = "$(TARGET_NAME)";
			};
			name = Release;
		};
/* End XCBuildConfiguration section */

/* Begin XCConfigurationList section */
		2536630E1C5B54FC009B470F /* Build configuration list for PBXProject "SCURLManager" */ = {
			isa = XCConfigurationList;
			buildConfigurations = (
				253663281C5B54FC009B470F /* Debug */,
				253663291C5B54FC009B470F /* Release */,
			);
			defaultConfigurationIsVisible = 0;
			defaultConfigurationName = Release;
		};
		2536632A1C5B54FC009B470F /* Build configuration list for PBXNativeTarget "SCURLManager" */ = {
			isa = XCConfigurationList;
			buildConfigurations = (
				2536632B1C5B54FC009B470F /* Debug */,
				2536632C1C5B54FC009B470F /* Release */,
			);
			defaultConfigurationIsVisible = 0;
			defaultConfigurationName = Release;
		};
/* End XCConfigurationList section */
	};
	rootObject = 2536630B1C5B54FC009B470F /* Project object */;
}
